
Microsoft Visual Studio Solution File, Format Version 12.00
# Visual Studio 14
VisualStudioVersion = 14.0.25420.1
MinimumVisualStudioVersion = 10.0.40219.1
Project("{2150E333-8FDC-42A3-9474-1A3956D46DE8}") = "Solution Items", "Solution Items", "{BBD12427-CFA8-4776-B102-806A9CEE0A59}"
	ProjectSection(SolutionItems) = preProject
		Ajax.html = Ajax.html
		BBCNews.html = BBCNews.html
		FormValidation.html = FormValidation.html
		JQueryUI.html = JQueryUI.html
		Library.html = Library.html
		News.html = News.html
		Structure.html = Structure.html
	EndProjectSection
EndProject
Project("{2150E333-8FDC-42A3-9474-1A3956D46DE8}") = "images", "images", "{43D55092-8DD9-4448-A317-B0BF7235702F}"
	ProjectSection(SolutionItems) = preProject
		images\bar.PNG = images\bar.PNG
		images\bbcLogo.png = images\bbcLogo.png
		Google_Art_Project.jpg = Google_Art_Project.jpg
		images\image1.jpg = images\image1.jpg
		images\leftArrowPNG.PNG = images\leftArrowPNG.PNG
		images\leftPic.PNG = images\leftPic.PNG
		images\live.PNG = images\live.PNG
		images\play.PNG = images\play.PNG
		images\RightArrow.PNG = images\RightArrow.PNG
		images\RightPic.PNG = images\RightPic.PNG
		images\rss.PNG = images\rss.PNG
		images\search.PNG = images\search.PNG
		images\signIn.PNG = images\signIn.PNG
	EndProjectSection
EndProject
Global
	GlobalSection(SolutionProperties) = preSolution
		HideSolutionNode = FALSE
	EndGlobalSection
	GlobalSection(NestedProjects) = preSolution
		{43D55092-8DD9-4448-A317-B0BF7235702F} = {BBD12427-CFA8-4776-B102-806A9CEE0A59}
	EndGlobalSection
EndGlobal
