
Microsoft Visual Studio Solution File, Format Version 12.00
# Visual Studio 14
VisualStudioVersion = 14.0.25420.1
MinimumVisualStudioVersion = 10.0.40219.1
Project("{2150E333-8FDC-42A3-9474-1A3956D46DE8}") = "Solution Items", "Solution Items", "{BBD12427-CFA8-4776-B102-806A9CEE0A59}"
	ProjectSection(SolutionItems) = preProject
		Ajax.html = Ajax.html
		BBCNews.html = BBCNews.html
		Bootstrap.html = Bootstrap.html
		codePlayer.html = codePlayer.html
		FormValidation.html = FormValidation.html
		JQueryUI.html = JQueryUI.html
		LandingPage.html = LandingPage.html
		Library.html = Library.html
		News.html = News.html
		sendEmail.html = sendEmail.html
		Structure.html = Structure.html
	EndProjectSection
EndProject
Project("{2150E333-8FDC-42A3-9474-1A3956D46DE8}") = "images", "images", "{43D55092-8DD9-4448-A317-B0BF7235702F}"
	ProjectSection(SolutionItems) = preProject
		images\AppStore.png = images\AppStore.png
		images\bar.PNG = images\bar.PNG
		images\bbcLogo.png = images\bbcLogo.png
		images\flower.jpg = images\flower.jpg
		Google_Art_Project.jpg = Google_Art_Project.jpg
		images\image1.jpg = images\image1.jpg
		images\leftArrowPNG.PNG = images\leftArrowPNG.PNG
		images\leftPic.PNG = images\leftPic.PNG
		images\live.PNG = images\live.PNG
		images\play.PNG = images\play.PNG
		images\RightArrow.PNG = images\RightArrow.PNG
		images\RightPic.PNG = images\RightPic.PNG
		images\rss.PNG = images\rss.PNG
		images\search.PNG = images\search.PNG
		images\signIn.PNG = images\signIn.PNG
	EndProjectSection
EndProject
Project("{2150E333-8FDC-42A3-9474-1A3956D46DE8}") = "css", "css", "{4F0E0D18-E5B7-46DB-A998-AD883B58E250}"
	ProjectSection(SolutionItems) = preProject
		css\bootstrap-theme.css = css\bootstrap-theme.css
		css\bootstrap-theme.css.map = css\bootstrap-theme.css.map
		css\bootstrap-theme.min.css = css\bootstrap-theme.min.css
		css\bootstrap-theme.min.css.map = css\bootstrap-theme.min.css.map
		css\bootstrap.css = css\bootstrap.css
		css\bootstrap.css.map = css\bootstrap.css.map
		css\bootstrap.min.css = css\bootstrap.min.css
		css\bootstrap.min.css.map = css\bootstrap.min.css.map
		MyStyle.css = MyStyle.css
		css\myStyle.css = css\myStyle.css
	EndProjectSection
EndProject
Project("{2150E333-8FDC-42A3-9474-1A3956D46DE8}") = "js", "js", "{5457F06C-1594-4409-AE83-0D5D9A5E8F30}"
	ProjectSection(SolutionItems) = preProject
		js\bootstrap.js = js\bootstrap.js
		js\bootstrap.min.js = js\bootstrap.min.js
		js\npm.js = js\npm.js
	EndProjectSection
EndProject
Project("{2150E333-8FDC-42A3-9474-1A3956D46DE8}") = "php", "php", "{6916DDB2-9B98-4C69-8E6B-BF72666F4CF2}"
	ProjectSection(SolutionItems) = preProject
		MyPhp.txt = MyPhp.txt
	EndProjectSection
EndProject
Global
	GlobalSection(SolutionProperties) = preSolution
		HideSolutionNode = FALSE
	EndGlobalSection
	GlobalSection(NestedProjects) = preSolution
		{43D55092-8DD9-4448-A317-B0BF7235702F} = {BBD12427-CFA8-4776-B102-806A9CEE0A59}
		{4F0E0D18-E5B7-46DB-A998-AD883B58E250} = {BBD12427-CFA8-4776-B102-806A9CEE0A59}
		{5457F06C-1594-4409-AE83-0D5D9A5E8F30} = {BBD12427-CFA8-4776-B102-806A9CEE0A59}
		{6916DDB2-9B98-4C69-8E6B-BF72666F4CF2} = {BBD12427-CFA8-4776-B102-806A9CEE0A59}
	EndGlobalSection
EndGlobal
